
Microsoft Visual Studio Solution File, Format Version 12.00
# Visual Studio Version 16
VisualStudioVersion = 16.0.33130.400
MinimumVisualStudioVersion = 10.0.40219.1
Project("{9A19103F-16F7-4668-BE54-9A1E7A4F7556}") = "RPG", "RPG.csproj", "{7973C326-BA67-4FA6-8488-A9115D3155A7}"
EndProject
Global
	GlobalSection(SolutionConfigurationPlatforms) = preSolution
		Debug|Any CPU = Debug|Any CPU
		Release|Any CPU = Release|Any CPU
	EndGlobalSection
	GlobalSection(ProjectConfigurationPlatforms) = postSolution
		{7973C326-BA67-4FA6-8488-A9115D3155A7}.Debug|Any CPU.ActiveCfg = Debug|Any CPU
		{7973C326-BA67-4FA6-8488-A9115D3155A7}.Debug|Any CPU.Build.0 = Debug|Any CPU
		{7973C326-BA67-4FA6-8488-A9115D3155A7}.Release|Any CPU.ActiveCfg = Release|Any CPU
		{7973C326-BA67-4FA6-8488-A9115D3155A7}.Release|Any CPU.Build.0 = Release|Any CPU
	EndGlobalSection
	GlobalSection(SolutionProperties) = preSolution
		HideSolutionNode = FALSE
	EndGlobalSection
	GlobalSection(ExtensibilityGlobals) = postSolution
		SolutionGuid = {B0D5CDBC-9B88-4822-A71C-F8775437D9A8}
	EndGlobalSection
EndGlobal
